
Microsoft Visual Studio Solution File, Format Version 12.00
# Visual Studio 15
VisualStudioVersion = 15.0.28307.106
MinimumVisualStudioVersion = 10.0.40219.1
Project("{FAE04EC0-301F-11D3-BF4B-00C04F79EFBC}") = "CustomerAppMVC", "CustomerAppMVC\CustomerAppMVC.csproj", "{FD75F980-96E1-4F57-85C3-A00576A06822}"
EndProject
Global
	GlobalSection(SolutionConfigurationPlatforms) = preSolution
		Debug|Any CPU = Debug|Any CPU
		Release|Any CPU = Release|Any CPU
	EndGlobalSection
	GlobalSection(ProjectConfigurationPlatforms) = postSolution
		{FD75F980-96E1-4F57-85C3-A00576A06822}.Debug|Any CPU.ActiveCfg = Debug|Any CPU
		{FD75F980-96E1-4F57-85C3-A00576A06822}.Debug|Any CPU.Build.0 = Debug|Any CPU
		{FD75F980-96E1-4F57-85C3-A00576A06822}.Release|Any CPU.ActiveCfg = Release|Any CPU
		{FD75F980-96E1-4F57-85C3-A00576A06822}.Release|Any CPU.Build.0 = Release|Any CPU
	EndGlobalSection
	GlobalSection(SolutionProperties) = preSolution
		HideSolutionNode = FALSE
	EndGlobalSection
	GlobalSection(ExtensibilityGlobals) = postSolution
		SolutionGuid = {619C7DAF-CBB1-48FD-AC56-77FBC8FB3C10}
	EndGlobalSection
EndGlobal
